PODS:
  - CTAssetsPickerController (3.3.2-alpha):
    - PureLayout (~> 3.0.0)
  - PureLayout (3.0.2)

DEPENDENCIES:
  - CTAssetsPickerController (from `.`)

EXTERNAL SOURCES:
  CTAssetsPickerController:
    :path: .

SPEC CHECKSUMS:
  CTAssetsPickerController: ef06977de8e0b6d6ff11a324d357a12335a61243
  PureLayout: 4d550abe49a94f24c2808b9b95db9131685fe4cd

PODFILE CHECKSUM: ca8409077d16c2527c3a782625dae500061b1d39

COCOAPODS: 1.1.1
